
Microsoft Visual Studio Solution File, Format Version 12.00
# Visual Studio Version 17
VisualStudioVersion = 17.0.31903.59
MinimumVisualStudioVersion = 10.0.40219.1
Project("{8BC9CEB8-8B4A-11D0-8D11-00A0C91BC942}") = "ContextMenuCustomHost", "ContextMenuCustomHost\ContextMenuCustomHost.vcxproj", "{D1E66555-FE87-448F-A748-3A54DD7EAB9B}"
EndProject
Project("{FAE04EC0-301F-11D3-BF4B-00C04F79EFBC}") = "ContextMenuCustomApp", "ContextMenuCustomApp\ContextMenuCustomApp.csproj", "{DCBA3FBF-3A4F-427E-BDC9-42FD0D7A27F1}"
EndProject
Project("{C7167F0D-BC9F-4E6E-AFE1-012C56B48DB5}") = "ContextMenuCustomPackage", "ContextMenuCustomPackage\ContextMenuCustomPackage.wapproj", "{0D0E2A13-5161-4315-932F-D24400934867}"
EndProject
Project("{9A19103F-16F7-4668-BE54-9A1E7A4F7556}") = "ContextMenuCustom", "ContextMenuCustom\ContextMenuCustom.csproj", "{44C62B7E-7B88-4F31-88B9-8962AEC5BDE6}"
EndProject
Project("{C7167F0D-BC9F-4E6E-AFE1-012C56B48DB5}") = "ContextMenuCustomDevPackage", "ContextMenuCustomDevPackage\ContextMenuCustomDevPackage.wapproj", "{741BF773-8A6B-428E-953F-1081C66ED973}"
EndProject
Project("{C7167F0D-BC9F-4E6E-AFE1-012C56B48DB5}") = "ContextMenuCustomGithubPackage", "ContextMenuCustomGithubPackage\ContextMenuCustomGithubPackage.wapproj", "{9D1E21A1-543C-470A-B411-761AC33F150E}"
EndProject
Global
	GlobalSection(SolutionConfigurationPlatforms) = preSolution
		Debug|Any CPU = Debug|Any CPU
		Debug|ARM = Debug|ARM
		Debug|ARM64 = Debug|ARM64
		Debug|x64 = Debug|x64
		Debug|x86 = Debug|x86
		Release|Any CPU = Release|Any CPU
		Release|ARM = Release|ARM
		Release|ARM64 = Release|ARM64
		Release|x64 = Release|x64
		Release|x86 = Release|x86
	EndGlobalSection
	GlobalSection(ProjectConfigurationPlatforms) = postSolution
		{D1E66555-FE87-448F-A748-3A54DD7EAB9B}.Debug|Any CPU.ActiveCfg = Debug|x64
		{D1E66555-FE87-448F-A748-3A54DD7EAB9B}.Debug|Any CPU.Build.0 = Debug|x64
		{D1E66555-FE87-448F-A748-3A54DD7EAB9B}.Debug|ARM.ActiveCfg = Debug|x64
		{D1E66555-FE87-448F-A748-3A54DD7EAB9B}.Debug|ARM.Build.0 = Debug|x64
		{D1E66555-FE87-448F-A748-3A54DD7EAB9B}.Debug|ARM64.ActiveCfg = Debug|ARM64
		{D1E66555-FE87-448F-A748-3A54DD7EAB9B}.Debug|x64.ActiveCfg = Debug|x64
		{D1E66555-FE87-448F-A748-3A54DD7EAB9B}.Debug|x64.Build.0 = Debug|x64
		{D1E66555-FE87-448F-A748-3A54DD7EAB9B}.Debug|x86.ActiveCfg = Debug|x64
		{D1E66555-FE87-448F-A748-3A54DD7EAB9B}.Debug|x86.Build.0 = Debug|x64
		{D1E66555-FE87-448F-A748-3A54DD7EAB9B}.Release|Any CPU.ActiveCfg = Release|x64
		{D1E66555-FE87-448F-A748-3A54DD7EAB9B}.Release|Any CPU.Build.0 = Release|x64
		{D1E66555-FE87-448F-A748-3A54DD7EAB9B}.Release|ARM.ActiveCfg = Release|x64
		{D1E66555-FE87-448F-A748-3A54DD7EAB9B}.Release|ARM.Build.0 = Release|x64
		{D1E66555-FE87-448F-A748-3A54DD7EAB9B}.Release|ARM64.ActiveCfg = Release|ARM64
		{D1E66555-FE87-448F-A748-3A54DD7EAB9B}.Release|ARM64.Build.0 = Release|ARM64
		{D1E66555-FE87-448F-A748-3A54DD7EAB9B}.Release|x64.ActiveCfg = Release|x64
		{D1E66555-FE87-448F-A748-3A54DD7EAB9B}.Release|x64.Build.0 = Release|x64
		{D1E66555-FE87-448F-A748-3A54DD7EAB9B}.Release|x86.ActiveCfg = Release|x64
		{D1E66555-FE87-448F-A748-3A54DD7EAB9B}.Release|x86.Build.0 = Release|x64
		{DCBA3FBF-3A4F-427E-BDC9-42FD0D7A27F1}.Debug|Any CPU.ActiveCfg = Debug|x64
		{DCBA3FBF-3A4F-427E-BDC9-42FD0D7A27F1}.Debug|Any CPU.Build.0 = Debug|x64
		{DCBA3FBF-3A4F-427E-BDC9-42FD0D7A27F1}.Debug|Any CPU.Deploy.0 = Debug|x64
		{DCBA3FBF-3A4F-427E-BDC9-42FD0D7A27F1}.Debug|ARM.ActiveCfg = Debug|x64
		{DCBA3FBF-3A4F-427E-BDC9-42FD0D7A27F1}.Debug|ARM.Build.0 = Debug|x64
		{DCBA3FBF-3A4F-427E-BDC9-42FD0D7A27F1}.Debug|ARM.Deploy.0 = Debug|x64
		{DCBA3FBF-3A4F-427E-BDC9-42FD0D7A27F1}.Debug|ARM64.ActiveCfg = Debug|ARM64
		{DCBA3FBF-3A4F-427E-BDC9-42FD0D7A27F1}.Debug|ARM64.Build.0 = Debug|ARM64
		{DCBA3FBF-3A4F-427E-BDC9-42FD0D7A27F1}.Debug|ARM64.Deploy.0 = Debug|ARM64
		{DCBA3FBF-3A4F-427E-BDC9-42FD0D7A27F1}.Debug|x64.ActiveCfg = Debug|x64
		{DCBA3FBF-3A4F-427E-BDC9-42FD0D7A27F1}.Debug|x64.Build.0 = Debug|x64
		{DCBA3FBF-3A4F-427E-BDC9-42FD0D7A27F1}.Debug|x86.ActiveCfg = Debug|x64
		{DCBA3FBF-3A4F-427E-BDC9-42FD0D7A27F1}.Debug|x86.Build.0 = Debug|x64
		{DCBA3FBF-3A4F-427E-BDC9-42FD0D7A27F1}.Debug|x86.Deploy.0 = Debug|x64
		{DCBA3FBF-3A4F-427E-BDC9-42FD0D7A27F1}.Release|Any CPU.ActiveCfg = Release|x64
		{DCBA3FBF-3A4F-427E-BDC9-42FD0D7A27F1}.Release|Any CPU.Build.0 = Release|x64
		{DCBA3FBF-3A4F-427E-BDC9-42FD0D7A27F1}.Release|Any CPU.Deploy.0 = Release|x64
		{DCBA3FBF-3A4F-427E-BDC9-42FD0D7A27F1}.Release|ARM.ActiveCfg = Release|x64
		{DCBA3FBF-3A4F-427E-BDC9-42FD0D7A27F1}.Release|ARM.Build.0 = Release|x64
		{DCBA3FBF-3A4F-427E-BDC9-42FD0D7A27F1}.Release|ARM.Deploy.0 = Release|x64
		{DCBA3FBF-3A4F-427E-BDC9-42FD0D7A27F1}.Release|ARM64.ActiveCfg = Release|ARM64
		{DCBA3FBF-3A4F-427E-BDC9-42FD0D7A27F1}.Release|ARM64.Build.0 = Release|ARM64
		{DCBA3FBF-3A4F-427E-BDC9-42FD0D7A27F1}.Release|x64.ActiveCfg = Release|x64
		{DCBA3FBF-3A4F-427E-BDC9-42FD0D7A27F1}.Release|x86.ActiveCfg = Release|x64
		{DCBA3FBF-3A4F-427E-BDC9-42FD0D7A27F1}.Release|x86.Build.0 = Release|x64
		{DCBA3FBF-3A4F-427E-BDC9-42FD0D7A27F1}.Release|x86.Deploy.0 = Release|x64
		{0D0E2A13-5161-4315-932F-D24400934867}.Debug|Any CPU.ActiveCfg = Debug|x64
		{0D0E2A13-5161-4315-932F-D24400934867}.Debug|Any CPU.Build.0 = Debug|x64
		{0D0E2A13-5161-4315-932F-D24400934867}.Debug|Any CPU.Deploy.0 = Debug|x64
		{0D0E2A13-5161-4315-932F-D24400934867}.Debug|ARM.ActiveCfg = Debug|x64
		{0D0E2A13-5161-4315-932F-D24400934867}.Debug|ARM.Build.0 = Debug|x64
		{0D0E2A13-5161-4315-932F-D24400934867}.Debug|ARM.Deploy.0 = Debug|x64
		{0D0E2A13-5161-4315-932F-D24400934867}.Debug|ARM64.ActiveCfg = Debug|ARM64
		{0D0E2A13-5161-4315-932F-D24400934867}.Debug|ARM64.Build.0 = Debug|ARM64
		{0D0E2A13-5161-4315-932F-D24400934867}.Debug|ARM64.Deploy.0 = Debug|ARM64
		{0D0E2A13-5161-4315-932F-D24400934867}.Debug|x64.ActiveCfg = Debug|x64
		{0D0E2A13-5161-4315-932F-D24400934867}.Debug|x64.Build.0 = Debug|x64
		{0D0E2A13-5161-4315-932F-D24400934867}.Debug|x64.Deploy.0 = Debug|x64
		{0D0E2A13-5161-4315-932F-D24400934867}.Debug|x86.ActiveCfg = Debug|x64
		{0D0E2A13-5161-4315-932F-D24400934867}.Debug|x86.Build.0 = Debug|x64
		{0D0E2A13-5161-4315-932F-D24400934867}.Debug|x86.Deploy.0 = Debug|x64
		{0D0E2A13-5161-4315-932F-D24400934867}.Release|Any CPU.ActiveCfg = Release|x64
		{0D0E2A13-5161-4315-932F-D24400934867}.Release|Any CPU.Build.0 = Release|x64
		{0D0E2A13-5161-4315-932F-D24400934867}.Release|Any CPU.Deploy.0 = Release|x64
		{0D0E2A13-5161-4315-932F-D24400934867}.Release|ARM.ActiveCfg = Release|x64
		{0D0E2A13-5161-4315-932F-D24400934867}.Release|ARM.Build.0 = Release|x64
		{0D0E2A13-5161-4315-932F-D24400934867}.Release|ARM.Deploy.0 = Release|x64
		{0D0E2A13-5161-4315-932F-D24400934867}.Release|ARM64.ActiveCfg = Release|ARM64
		{0D0E2A13-5161-4315-932F-D24400934867}.Release|ARM64.Build.0 = Release|ARM64
		{0D0E2A13-5161-4315-932F-D24400934867}.Release|ARM64.Deploy.0 = Release|ARM64
		{0D0E2A13-5161-4315-932F-D24400934867}.Release|x64.ActiveCfg = Release|x64
		{0D0E2A13-5161-4315-932F-D24400934867}.Release|x64.Build.0 = Release|x64
		{0D0E2A13-5161-4315-932F-D24400934867}.Release|x64.Deploy.0 = Release|x64
		{0D0E2A13-5161-4315-932F-D24400934867}.Release|x86.ActiveCfg = Release|x64
		{0D0E2A13-5161-4315-932F-D24400934867}.Release|x86.Build.0 = Release|x64
		{0D0E2A13-5161-4315-932F-D24400934867}.Release|x86.Deploy.0 = Release|x64
		{44C62B7E-7B88-4F31-88B9-8962AEC5BDE6}.Debug|Any CPU.ActiveCfg = Debug|x64
		{44C62B7E-7B88-4F31-88B9-8962AEC5BDE6}.Debug|Any CPU.Build.0 = Debug|x64
		{44C62B7E-7B88-4F31-88B9-8962AEC5BDE6}.Debug|Any CPU.Deploy.0 = Debug|x64
		{44C62B7E-7B88-4F31-88B9-8962AEC5BDE6}.Debug|ARM.ActiveCfg = Debug|x64
		{44C62B7E-7B88-4F31-88B9-8962AEC5BDE6}.Debug|ARM.Build.0 = Debug|x64
		{44C62B7E-7B88-4F31-88B9-8962AEC5BDE6}.Debug|ARM.Deploy.0 = Debug|x64
		{44C62B7E-7B88-4F31-88B9-8962AEC5BDE6}.Debug|ARM64.ActiveCfg = Debug|ARM64
		{44C62B7E-7B88-4F31-88B9-8962AEC5BDE6}.Debug|ARM64.Build.0 = Debug|ARM64
		{44C62B7E-7B88-4F31-88B9-8962AEC5BDE6}.Debug|ARM64.Deploy.0 = Debug|ARM64
		{44C62B7E-7B88-4F31-88B9-8962AEC5BDE6}.Debug|x64.ActiveCfg = Debug|x64
		{44C62B7E-7B88-4F31-88B9-8962AEC5BDE6}.Debug|x64.Build.0 = Debug|x64
		{44C62B7E-7B88-4F31-88B9-8962AEC5BDE6}.Debug|x64.Deploy.0 = Debug|x64
		{44C62B7E-7B88-4F31-88B9-8962AEC5BDE6}.Debug|x86.ActiveCfg = Debug|x86
		{44C62B7E-7B88-4F31-88B9-8962AEC5BDE6}.Debug|x86.Build.0 = Debug|x86
		{44C62B7E-7B88-4F31-88B9-8962AEC5BDE6}.Debug|x86.Deploy.0 = Debug|x86
		{44C62B7E-7B88-4F31-88B9-8962AEC5BDE6}.Release|Any CPU.ActiveCfg = Release|x64
		{44C62B7E-7B88-4F31-88B9-8962AEC5BDE6}.Release|Any CPU.Build.0 = Release|x64
		{44C62B7E-7B88-4F31-88B9-8962AEC5BDE6}.Release|Any CPU.Deploy.0 = Release|x64
		{44C62B7E-7B88-4F31-88B9-8962AEC5BDE6}.Release|ARM.ActiveCfg = Release|x64
		{44C62B7E-7B88-4F31-88B9-8962AEC5BDE6}.Release|ARM.Build.0 = Release|x64
		{44C62B7E-7B88-4F31-88B9-8962AEC5BDE6}.Release|ARM.Deploy.0 = Release|x64
		{44C62B7E-7B88-4F31-88B9-8962AEC5BDE6}.Release|ARM64.ActiveCfg = Release|ARM64
		{44C62B7E-7B88-4F31-88B9-8962AEC5BDE6}.Release|ARM64.Build.0 = Release|ARM64
		{44C62B7E-7B88-4F31-88B9-8962AEC5BDE6}.Release|ARM64.Deploy.0 = Release|ARM64
		{44C62B7E-7B88-4F31-88B9-8962AEC5BDE6}.Release|x64.ActiveCfg = Release|x64
		{44C62B7E-7B88-4F31-88B9-8962AEC5BDE6}.Release|x64.Build.0 = Release|x64
		{44C62B7E-7B88-4F31-88B9-8962AEC5BDE6}.Release|x64.Deploy.0 = Release|x64
		{44C62B7E-7B88-4F31-88B9-8962AEC5BDE6}.Release|x86.ActiveCfg = Release|x86
		{44C62B7E-7B88-4F31-88B9-8962AEC5BDE6}.Release|x86.Build.0 = Release|x86
		{44C62B7E-7B88-4F31-88B9-8962AEC5BDE6}.Release|x86.Deploy.0 = Release|x86
		{741BF773-8A6B-428E-953F-1081C66ED973}.Debug|Any CPU.ActiveCfg = Debug|Any CPU
		{741BF773-8A6B-428E-953F-1081C66ED973}.Debug|Any CPU.Build.0 = Debug|Any CPU
		{741BF773-8A6B-428E-953F-1081C66ED973}.Debug|Any CPU.Deploy.0 = Debug|Any CPU
		{741BF773-8A6B-428E-953F-1081C66ED973}.Debug|ARM.ActiveCfg = Debug|ARM
		{741BF773-8A6B-428E-953F-1081C66ED973}.Debug|ARM.Build.0 = Debug|ARM
		{741BF773-8A6B-428E-953F-1081C66ED973}.Debug|ARM.Deploy.0 = Debug|ARM
		{741BF773-8A6B-428E-953F-1081C66ED973}.Debug|ARM64.ActiveCfg = Debug|ARM64
		{741BF773-8A6B-428E-953F-1081C66ED973}.Debug|ARM64.Build.0 = Debug|ARM64
		{741BF773-8A6B-428E-953F-1081C66ED973}.Debug|ARM64.Deploy.0 = Debug|ARM64
		{741BF773-8A6B-428E-953F-1081C66ED973}.Debug|x64.ActiveCfg = Debug|x64
		{741BF773-8A6B-428E-953F-1081C66ED973}.Debug|x64.Build.0 = Debug|x64
		{741BF773-8A6B-428E-953F-1081C66ED973}.Debug|x64.Deploy.0 = Debug|x64
		{741BF773-8A6B-428E-953F-1081C66ED973}.Debug|x86.ActiveCfg = Debug|x86
		{741BF773-8A6B-428E-953F-1081C66ED973}.Debug|x86.Build.0 = Debug|x86
		{741BF773-8A6B-428E-953F-1081C66ED973}.Debug|x86.Deploy.0 = Debug|x86
		{741BF773-8A6B-428E-953F-1081C66ED973}.Release|Any CPU.ActiveCfg = Release|Any CPU
		{741BF773-8A6B-428E-953F-1081C66ED973}.Release|Any CPU.Build.0 = Release|Any CPU
		{741BF773-8A6B-428E-953F-1081C66ED973}.Release|Any CPU.Deploy.0 = Release|Any CPU
		{741BF773-8A6B-428E-953F-1081C66ED973}.Release|ARM.ActiveCfg = Release|ARM
		{741BF773-8A6B-428E-953F-1081C66ED973}.Release|ARM.Build.0 = Release|ARM
		{741BF773-8A6B-428E-953F-1081C66ED973}.Release|ARM.Deploy.0 = Release|ARM
		{741BF773-8A6B-428E-953F-1081C66ED973}.Release|ARM64.ActiveCfg = Release|ARM64
		{741BF773-8A6B-428E-953F-1081C66ED973}.Release|ARM64.Build.0 = Release|ARM64
		{741BF773-8A6B-428E-953F-1081C66ED973}.Release|ARM64.Deploy.0 = Release|ARM64
		{741BF773-8A6B-428E-953F-1081C66ED973}.Release|x64.ActiveCfg = Release|x64
		{741BF773-8A6B-428E-953F-1081C66ED973}.Release|x64.Build.0 = Release|x64
		{741BF773-8A6B-428E-953F-1081C66ED973}.Release|x64.Deploy.0 = Release|x64
		{741BF773-8A6B-428E-953F-1081C66ED973}.Release|x86.ActiveCfg = Release|x86
		{741BF773-8A6B-428E-953F-1081C66ED973}.Release|x86.Build.0 = Release|x86
		{741BF773-8A6B-428E-953F-1081C66ED973}.Release|x86.Deploy.0 = Release|x86
		{9D1E21A1-543C-470A-B411-761AC33F150E}.Debug|Any CPU.ActiveCfg = Debug|Any CPU
		{9D1E21A1-543C-470A-B411-761AC33F150E}.Debug|Any CPU.Build.0 = Debug|Any CPU
		{9D1E21A1-543C-470A-B411-761AC33F150E}.Debug|Any CPU.Deploy.0 = Debug|Any CPU
		{9D1E21A1-543C-470A-B411-761AC33F150E}.Debug|ARM.ActiveCfg = Debug|ARM
		{9D1E21A1-543C-470A-B411-761AC33F150E}.Debug|ARM.Build.0 = Debug|ARM
		{9D1E21A1-543C-470A-B411-761AC33F150E}.Debug|ARM.Deploy.0 = Debug|ARM
		{9D1E21A1-543C-470A-B411-761AC33F150E}.Debug|ARM64.ActiveCfg = Debug|ARM64
		{9D1E21A1-543C-470A-B411-761AC33F150E}.Debug|ARM64.Build.0 = Debug|ARM64
		{9D1E21A1-543C-470A-B411-761AC33F150E}.Debug|ARM64.Deploy.0 = Debug|ARM64
		{9D1E21A1-543C-470A-B411-761AC33F150E}.Debug|x64.ActiveCfg = Debug|x64
		{9D1E21A1-543C-470A-B411-761AC33F150E}.Debug|x64.Build.0 = Debug|x64
		{9D1E21A1-543C-470A-B411-761AC33F150E}.Debug|x64.Deploy.0 = Debug|x64
		{9D1E21A1-543C-470A-B411-761AC33F150E}.Debug|x86.ActiveCfg = Debug|x86
		{9D1E21A1-543C-470A-B411-761AC33F150E}.Debug|x86.Build.0 = Debug|x86
		{9D1E21A1-543C-470A-B411-761AC33F150E}.Debug|x86.Deploy.0 = Debug|x86
		{9D1E21A1-543C-470A-B411-761AC33F150E}.Release|Any CPU.ActiveCfg = Release|Any CPU
		{9D1E21A1-543C-470A-B411-761AC33F150E}.Release|Any CPU.Build.0 = Release|Any CPU
		{9D1E21A1-543C-470A-B411-761AC33F150E}.Release|Any CPU.Deploy.0 = Release|Any CPU
		{9D1E21A1-543C-470A-B411-761AC33F150E}.Release|ARM.ActiveCfg = Release|ARM
		{9D1E21A1-543C-470A-B411-761AC33F150E}.Release|ARM.Build.0 = Release|ARM
		{9D1E21A1-543C-470A-B411-761AC33F150E}.Release|ARM.Deploy.0 = Release|ARM
		{9D1E21A1-543C-470A-B411-761AC33F150E}.Release|ARM64.ActiveCfg = Release|ARM64
		{9D1E21A1-543C-470A-B411-761AC33F150E}.Release|ARM64.Build.0 = Release|ARM64
		{9D1E21A1-543C-470A-B411-761AC33F150E}.Release|ARM64.Deploy.0 = Release|ARM64
		{9D1E21A1-543C-470A-B411-761AC33F150E}.Release|x64.ActiveCfg = Release|x64
		{9D1E21A1-543C-470A-B411-761AC33F150E}.Release|x64.Build.0 = Release|x64
		{9D1E21A1-543C-470A-B411-761AC33F150E}.Release|x64.Deploy.0 = Release|x64
		{9D1E21A1-543C-470A-B411-761AC33F150E}.Release|x86.ActiveCfg = Release|x86
		{9D1E21A1-543C-470A-B411-761AC33F150E}.Release|x86.Build.0 = Release|x86
		{9D1E21A1-543C-470A-B411-761AC33F150E}.Release|x86.Deploy.0 = Release|x86
	EndGlobalSection
	GlobalSection(SolutionProperties) = preSolution
		HideSolutionNode = FALSE
	EndGlobalSection
	GlobalSection(ExtensibilityGlobals) = postSolution
		SolutionGuid = {AB8DD2E8-DEAF-4A46-BC84-FEADF1BED7C9}
	EndGlobalSection
EndGlobal
